
Microsoft Visual Studio Solution File, Format Version 12.00
# Visual Studio Version 16
VisualStudioVersion = 16.0.30011.22
MinimumVisualStudioVersion = 10.0.40219.1
Project("{FAE04EC0-301F-11D3-BF4B-00C04F79EFBC}") = "OS_SocketTCP_Client", "OS_SocketTCP_Client\OS_SocketTCP_Client.csproj", "{64AA6E46-996D-415C-8C37-39874243CAFF}"
EndProject
Global
	GlobalSection(SolutionConfigurationPlatforms) = preSolution
		Debug|Any CPU = Debug|Any CPU
		Release|Any CPU = Release|Any CPU
	EndGlobalSection
	GlobalSection(ProjectConfigurationPlatforms) = postSolution
		{64AA6E46-996D-415C-8C37-39874243CAFF}.Debug|Any CPU.ActiveCfg = Debug|Any CPU
		{64AA6E46-996D-415C-8C37-39874243CAFF}.Debug|Any CPU.Build.0 = Debug|Any CPU
		{64AA6E46-996D-415C-8C37-39874243CAFF}.Release|Any CPU.ActiveCfg = Release|Any CPU
		{64AA6E46-996D-415C-8C37-39874243CAFF}.Release|Any CPU.Build.0 = Release|Any CPU
	EndGlobalSection
	GlobalSection(SolutionProperties) = preSolution
		HideSolutionNode = FALSE
	EndGlobalSection
	GlobalSection(ExtensibilityGlobals) = postSolution
		SolutionGuid = {7DFD1377-793D-4D65-B5D4-014DAB6AFED4}
	EndGlobalSection
EndGlobal
